{
  "nodes": {
    "cmake-utils-src": {
      "inputs": {
        "nixpkgs": "nixpkgs",
        "utils": "utils"
      },
      "locked": {
        "lastModified": 1644276798,
        "narHash": "sha256-pjZ2mYc239ZebgS5ScIzuNKbYsrO2VLiz64cqY/TqjU=",
        "owner": "conformism",
        "repo": "cmake-utils",
        "rev": "ae0b23cf7f943828b5b226d14203ca0732681219",
        "type": "github"
      },
      "original": {
        "owner": "conformism",
        "repo": "cmake-utils",
        "type": "github"
      }
    },
    "nixpkgs": {
      "locked": {
        "lastModified": 1644269936,
        "narHash": "sha256-Pxn2au1JChCuxiKtmF8hpV7DyvKrCYd0vLzZGjGV0VE=",
        "owner": "NixOS",
        "repo": "nixpkgs",
        "rev": "8cec3cc29e2bc2a7dea71de46d3fd4441700de2e",
        "type": "github"
      },
      "original": {
        "owner": "NixOS",
        "ref": "8cec3cc",
        "repo": "nixpkgs",
        "type": "github"
      }
    },
    "nixpkgs_2": {
      "locked": {
        "lastModified": 1644269936,
        "narHash": "sha256-Pxn2au1JChCuxiKtmF8hpV7DyvKrCYd0vLzZGjGV0VE=",
        "owner": "NixOS",
        "repo": "nixpkgs",
        "rev": "8cec3cc29e2bc2a7dea71de46d3fd4441700de2e",
        "type": "github"
      },
      "original": {
        "owner": "NixOS",
        "ref": "8cec3cc",
        "repo": "nixpkgs",
        "type": "github"
      }
    },
    "root": {
      "inputs": {
        "cmake-utils-src": "cmake-utils-src",
        "nixpkgs": "nixpkgs_2",
        "utils": "utils_2"
      }
    },
    "utils": {
      "locked": {
        "lastModified": 1644229661,
        "narHash": "sha256-1YdnJAsNy69bpcjuoKdOYQX0YxZBiCYZo4Twxerqv7k=",
        "owner": "numtide",
        "repo": "flake-utils",
        "rev": "3cecb5b042f7f209c56ffd8371b2711a290ec797",
        "type": "github"
      },
      "original": {
        "owner": "numtide",
        "repo": "flake-utils",
        "type": "github"
      }
    },
    "utils_2": {
      "locked": {
        "lastModified": 1644229661,
        "narHash": "sha256-1YdnJAsNy69bpcjuoKdOYQX0YxZBiCYZo4Twxerqv7k=",
        "owner": "numtide",
        "repo": "flake-utils",
        "rev": "3cecb5b042f7f209c56ffd8371b2711a290ec797",
        "type": "github"
      },
      "original": {
        "owner": "numtide",
        "repo": "flake-utils",
        "type": "github"
      }
    }
  },
  "root": "root",
  "version": 7
}
